
Microsoft Visual Studio Solution File, Format Version 12.00
# Visual Studio Version 17
VisualStudioVersion = 17.0.31919.166
MinimumVisualStudioVersion = 10.0.40219.1
Project("{9A19103F-16F7-4668-BE54-9A1E7A4F7556}") = "Domain", "Domain\Domain.csproj", "{3609D7AA-3585-4C6E-A8C1-2EF0A7E376BD}"
EndProject
Project("{9A19103F-16F7-4668-BE54-9A1E7A4F7556}") = "Infrastructure", "Infrastructure\Infrastructure.csproj", "{BC5B7FE1-7338-4BEF-B47F-9330DBB233E1}"
EndProject
Project("{9A19103F-16F7-4668-BE54-9A1E7A4F7556}") = "Application", "Application\Application.csproj", "{07CD4F4C-26C7-4AAF-A49B-367C6AE807D8}"
EndProject
Project("{9A19103F-16F7-4668-BE54-9A1E7A4F7556}") = "Logging", "Logging\Logging.csproj", "{CC71079A-27B9-47E7-A224-11C88A1F4D6B}"
EndProject
Project("{9A19103F-16F7-4668-BE54-9A1E7A4F7556}") = "MoneyManager", "MoneyManager\MoneyManager.csproj", "{9E11A411-DFF6-4AAD-9E8B-0D83F458ADFE}"
EndProject
Project("{9A19103F-16F7-4668-BE54-9A1E7A4F7556}") = "Persistence", "Persistence\Persistence.csproj", "{77176D35-38D4-4E91-8D46-B04C92D3E06B}"
EndProject
Global
	GlobalSection(SolutionConfigurationPlatforms) = preSolution
		Debug|Any CPU = Debug|Any CPU
		Release|Any CPU = Release|Any CPU
	EndGlobalSection
	GlobalSection(ProjectConfigurationPlatforms) = postSolution
		{3609D7AA-3585-4C6E-A8C1-2EF0A7E376BD}.Debug|Any CPU.ActiveCfg = Debug|Any CPU
		{3609D7AA-3585-4C6E-A8C1-2EF0A7E376BD}.Debug|Any CPU.Build.0 = Debug|Any CPU
		{3609D7AA-3585-4C6E-A8C1-2EF0A7E376BD}.Release|Any CPU.ActiveCfg = Release|Any CPU
		{3609D7AA-3585-4C6E-A8C1-2EF0A7E376BD}.Release|Any CPU.Build.0 = Release|Any CPU
		{BC5B7FE1-7338-4BEF-B47F-9330DBB233E1}.Debug|Any CPU.ActiveCfg = Debug|Any CPU
		{BC5B7FE1-7338-4BEF-B47F-9330DBB233E1}.Debug|Any CPU.Build.0 = Debug|Any CPU
		{BC5B7FE1-7338-4BEF-B47F-9330DBB233E1}.Release|Any CPU.ActiveCfg = Release|Any CPU
		{BC5B7FE1-7338-4BEF-B47F-9330DBB233E1}.Release|Any CPU.Build.0 = Release|Any CPU
		{07CD4F4C-26C7-4AAF-A49B-367C6AE807D8}.Debug|Any CPU.ActiveCfg = Debug|Any CPU
		{07CD4F4C-26C7-4AAF-A49B-367C6AE807D8}.Debug|Any CPU.Build.0 = Debug|Any CPU
		{07CD4F4C-26C7-4AAF-A49B-367C6AE807D8}.Release|Any CPU.ActiveCfg = Release|Any CPU
		{07CD4F4C-26C7-4AAF-A49B-367C6AE807D8}.Release|Any CPU.Build.0 = Release|Any CPU
		{CC71079A-27B9-47E7-A224-11C88A1F4D6B}.Debug|Any CPU.ActiveCfg = Debug|Any CPU
		{CC71079A-27B9-47E7-A224-11C88A1F4D6B}.Debug|Any CPU.Build.0 = Debug|Any CPU
		{CC71079A-27B9-47E7-A224-11C88A1F4D6B}.Release|Any CPU.ActiveCfg = Release|Any CPU
		{CC71079A-27B9-47E7-A224-11C88A1F4D6B}.Release|Any CPU.Build.0 = Release|Any CPU
		{9E11A411-DFF6-4AAD-9E8B-0D83F458ADFE}.Debug|Any CPU.ActiveCfg = Debug|Any CPU
		{9E11A411-DFF6-4AAD-9E8B-0D83F458ADFE}.Debug|Any CPU.Build.0 = Debug|Any CPU
		{9E11A411-DFF6-4AAD-9E8B-0D83F458ADFE}.Release|Any CPU.ActiveCfg = Release|Any CPU
		{9E11A411-DFF6-4AAD-9E8B-0D83F458ADFE}.Release|Any CPU.Build.0 = Release|Any CPU
		{77176D35-38D4-4E91-8D46-B04C92D3E06B}.Debug|Any CPU.ActiveCfg = Debug|Any CPU
		{77176D35-38D4-4E91-8D46-B04C92D3E06B}.Debug|Any CPU.Build.0 = Debug|Any CPU
		{77176D35-38D4-4E91-8D46-B04C92D3E06B}.Release|Any CPU.ActiveCfg = Release|Any CPU
		{77176D35-38D4-4E91-8D46-B04C92D3E06B}.Release|Any CPU.Build.0 = Release|Any CPU
	EndGlobalSection
	GlobalSection(SolutionProperties) = preSolution
		HideSolutionNode = FALSE
	EndGlobalSection
	GlobalSection(ExtensibilityGlobals) = postSolution
		SolutionGuid = {356AAA7A-10D0-4EBC-AA38-0715F179A7BB}
	EndGlobalSection
EndGlobal
